
Microsoft Visual Studio Solution File, Format Version 12.00
# Visual Studio Version 17
VisualStudioVersion = 17.9.34622.214
MinimumVisualStudioVersion = 10.0.40219.1
Project("{FAE04EC0-301F-11D3-BF4B-00C04F79EFBC}") = "Cwiczenia.10PetlaConsole", "Cwiczenia.10PetlaConsole\Cwiczenia.10PetlaConsole.csproj", "{9BBC8FFC-14E7-43CE-94AC-5242D8567C0B}"
EndProject
Global
	GlobalSection(SolutionConfigurationPlatforms) = preSolution
		Debug|Any CPU = Debug|Any CPU
		Release|Any CPU = Release|Any CPU
	EndGlobalSection
	GlobalSection(ProjectConfigurationPlatforms) = postSolution
		{9BBC8FFC-14E7-43CE-94AC-5242D8567C0B}.Debug|Any CPU.ActiveCfg = Debug|Any CPU
		{9BBC8FFC-14E7-43CE-94AC-5242D8567C0B}.Debug|Any CPU.Build.0 = Debug|Any CPU
		{9BBC8FFC-14E7-43CE-94AC-5242D8567C0B}.Release|Any CPU.ActiveCfg = Release|Any CPU
		{9BBC8FFC-14E7-43CE-94AC-5242D8567C0B}.Release|Any CPU.Build.0 = Release|Any CPU
	EndGlobalSection
	GlobalSection(SolutionProperties) = preSolution
		HideSolutionNode = FALSE
	EndGlobalSection
	GlobalSection(ExtensibilityGlobals) = postSolution
		SolutionGuid = {89F83552-A4D1-465E-A8BB-712DEA36D6EF}
	EndGlobalSection
EndGlobal
